
Microsoft Visual Studio Solution File, Format Version 12.00
# Visual Studio 15
VisualStudioVersion = 15.0.28307.271
MinimumVisualStudioVersion = 10.0.40219.1
Project("{FAE04EC0-301F-11D3-BF4B-00C04F79EFBC}") = "XFListViewIssue.Android", "XFListViewIssue\XFListViewIssue.Android\XFListViewIssue.Android.csproj", "{35AA2D47-C068-4821-A3DF-663132B710FF}"
EndProject
Project("{FAE04EC0-301F-11D3-BF4B-00C04F79EFBC}") = "XFListViewIssue", "XFListViewIssue\XFListViewIssue\XFListViewIssue.csproj", "{58CE3390-F40D-4B1B-AC6D-A0E08EA676EA}"
EndProject
Global
	GlobalSection(SolutionConfigurationPlatforms) = preSolution
		Debug|Any CPU = Debug|Any CPU
		Release|Any CPU = Release|Any CPU
	EndGlobalSection
	GlobalSection(ProjectConfigurationPlatforms) = postSolution
		{35AA2D47-C068-4821-A3DF-663132B710FF}.Debug|Any CPU.ActiveCfg = Debug|Any CPU
		{35AA2D47-C068-4821-A3DF-663132B710FF}.Debug|Any CPU.Build.0 = Debug|Any CPU
		{35AA2D47-C068-4821-A3DF-663132B710FF}.Debug|Any CPU.Deploy.0 = Debug|Any CPU
		{35AA2D47-C068-4821-A3DF-663132B710FF}.Release|Any CPU.ActiveCfg = Release|Any CPU
		{35AA2D47-C068-4821-A3DF-663132B710FF}.Release|Any CPU.Build.0 = Release|Any CPU
		{35AA2D47-C068-4821-A3DF-663132B710FF}.Release|Any CPU.Deploy.0 = Release|Any CPU
		{58CE3390-F40D-4B1B-AC6D-A0E08EA676EA}.Debug|Any CPU.ActiveCfg = Debug|Any CPU
		{58CE3390-F40D-4B1B-AC6D-A0E08EA676EA}.Debug|Any CPU.Build.0 = Debug|Any CPU
		{58CE3390-F40D-4B1B-AC6D-A0E08EA676EA}.Debug|Any CPU.Deploy.0 = Debug|Any CPU
		{58CE3390-F40D-4B1B-AC6D-A0E08EA676EA}.Release|Any CPU.ActiveCfg = Release|Any CPU
		{58CE3390-F40D-4B1B-AC6D-A0E08EA676EA}.Release|Any CPU.Build.0 = Release|Any CPU
		{58CE3390-F40D-4B1B-AC6D-A0E08EA676EA}.Release|Any CPU.Deploy.0 = Release|Any CPU
	EndGlobalSection
	GlobalSection(SolutionProperties) = preSolution
		HideSolutionNode = FALSE
	EndGlobalSection
	GlobalSection(ExtensibilityGlobals) = postSolution
		SolutionGuid = {6A68C0A1-6709-41EF-9074-406D2CE88B47}
	EndGlobalSection
EndGlobal
